
Microsoft Visual Studio Solution File, Format Version 12.00
# Visual Studio 15
VisualStudioVersion = 15.0.26730.12
MinimumVisualStudioVersion = 10.0.40219.1
Project("{FAE04EC0-301F-11D3-BF4B-00C04F79EFBC}") = "Morgengry", "Morgengry\Morgengry.csproj", "{804827AF-F93B-4A5B-89AA-DD9509B75475}"
EndProject
Project("{FAE04EC0-301F-11D3-BF4B-00C04F79EFBC}") = "Test", "Test\Test.csproj", "{1617D802-DCAE-4CCB-813C-2E43201F453C}"
EndProject
Global
	GlobalSection(SolutionConfigurationPlatforms) = preSolution
		Debug|Any CPU = Debug|Any CPU
		Release|Any CPU = Release|Any CPU
	EndGlobalSection
	GlobalSection(ProjectConfigurationPlatforms) = postSolution
		{804827AF-F93B-4A5B-89AA-DD9509B75475}.Debug|Any CPU.ActiveCfg = Debug|Any CPU
		{804827AF-F93B-4A5B-89AA-DD9509B75475}.Debug|Any CPU.Build.0 = Debug|Any CPU
		{804827AF-F93B-4A5B-89AA-DD9509B75475}.Release|Any CPU.ActiveCfg = Release|Any CPU
		{804827AF-F93B-4A5B-89AA-DD9509B75475}.Release|Any CPU.Build.0 = Release|Any CPU
		{1617D802-DCAE-4CCB-813C-2E43201F453C}.Debug|Any CPU.ActiveCfg = Debug|Any CPU
		{1617D802-DCAE-4CCB-813C-2E43201F453C}.Debug|Any CPU.Build.0 = Debug|Any CPU
		{1617D802-DCAE-4CCB-813C-2E43201F453C}.Release|Any CPU.ActiveCfg = Release|Any CPU
		{1617D802-DCAE-4CCB-813C-2E43201F453C}.Release|Any CPU.Build.0 = Release|Any CPU
	EndGlobalSection
	GlobalSection(SolutionProperties) = preSolution
		HideSolutionNode = FALSE
	EndGlobalSection
	GlobalSection(ExtensibilityGlobals) = postSolution
		SolutionGuid = {0257F700-FDE3-44D3-9F20-27B9F6B57857}
	EndGlobalSection
EndGlobal
